
Microsoft Visual Studio Solution File, Format Version 12.00
# Visual Studio 2013
VisualStudioVersion = 12.0.21005.1
MinimumVisualStudioVersion = 10.0.40219.1
Project("{FAE04EC0-301F-11D3-BF4B-00C04F79EFBC}") = "E2Pass", "E2Pass\E2Pass.csproj", "{E351BB17-CAB3-46A3-ABE9-1D83901FEA10}"
EndProject
Global
	GlobalSection(SolutionConfigurationPlatforms) = preSolution
		Debug|Any CPU = Debug|Any CPU
		Release|Any CPU = Release|Any CPU
	EndGlobalSection
	GlobalSection(ProjectConfigurationPlatforms) = postSolution
		{E351BB17-CAB3-46A3-ABE9-1D83901FEA10}.Debug|Any CPU.ActiveCfg = Debug|Any CPU
		{E351BB17-CAB3-46A3-ABE9-1D83901FEA10}.Debug|Any CPU.Build.0 = Debug|Any CPU
		{E351BB17-CAB3-46A3-ABE9-1D83901FEA10}.Release|Any CPU.ActiveCfg = Release|Any CPU
		{E351BB17-CAB3-46A3-ABE9-1D83901FEA10}.Release|Any CPU.Build.0 = Release|Any CPU
	EndGlobalSection
	GlobalSection(SolutionProperties) = preSolution
		HideSolutionNode = FALSE
	EndGlobalSection
EndGlobal
